
Microsoft Visual Studio Solution File, Format Version 12.00
# Visual Studio 14
VisualStudioVersion = 14.0.25420.1
MinimumVisualStudioVersion = 10.0.40219.1
Project("{FAE04EC0-301F-11D3-BF4B-00C04F79EFBC}") = "CircularProgressBar", "CircularProgressBar\CircularProgressBar.csproj", "{8B31ED1C-81D5-4777-9BE9-A269D46543FD}"
EndProject
Project("{FAE04EC0-301F-11D3-BF4B-00C04F79EFBC}") = "CircularProgressBarSample", "CircularProgressBarSample\CircularProgressBarSample.csproj", "{ECBFEE0A-70C4-42A9-BE9C-F335E4F29880}"
EndProject
Global
	GlobalSection(SolutionConfigurationPlatforms) = preSolution
		Debug|Any CPU = Debug|Any CPU
		Release|Any CPU = Release|Any CPU
	EndGlobalSection
	GlobalSection(ProjectConfigurationPlatforms) = postSolution
		{8B31ED1C-81D5-4777-9BE9-A269D46543FD}.Debug|Any CPU.ActiveCfg = Debug|Any CPU
		{8B31ED1C-81D5-4777-9BE9-A269D46543FD}.Debug|Any CPU.Build.0 = Debug|Any CPU
		{8B31ED1C-81D5-4777-9BE9-A269D46543FD}.Release|Any CPU.ActiveCfg = Release|Any CPU
		{8B31ED1C-81D5-4777-9BE9-A269D46543FD}.Release|Any CPU.Build.0 = Release|Any CPU
		{ECBFEE0A-70C4-42A9-BE9C-F335E4F29880}.Debug|Any CPU.ActiveCfg = Debug|Any CPU
		{ECBFEE0A-70C4-42A9-BE9C-F335E4F29880}.Debug|Any CPU.Build.0 = Debug|Any CPU
		{ECBFEE0A-70C4-42A9-BE9C-F335E4F29880}.Release|Any CPU.ActiveCfg = Release|Any CPU
		{ECBFEE0A-70C4-42A9-BE9C-F335E4F29880}.Release|Any CPU.Build.0 = Release|Any CPU
	EndGlobalSection
	GlobalSection(SolutionProperties) = preSolution
		HideSolutionNode = FALSE
	EndGlobalSection
EndGlobal
